
Microsoft Visual Studio Solution File, Format Version 12.00
# Visual Studio Version 17
VisualStudioVersion = 17.8.34330.188
MinimumVisualStudioVersion = 10.0.40219.1
Project("{9A19103F-16F7-4668-BE54-9A1E7A4F7556}") = "SpartaTextRPG", "SpartaTextRPG.csproj", "{578D8657-312D-4920-8ACD-76FD0458B8B6}"
EndProject
Global
	GlobalSection(SolutionConfigurationPlatforms) = preSolution
		Debug|Any CPU = Debug|Any CPU
		Release|Any CPU = Release|Any CPU
	EndGlobalSection
	GlobalSection(ProjectConfigurationPlatforms) = postSolution
		{578D8657-312D-4920-8ACD-76FD0458B8B6}.Debug|Any CPU.ActiveCfg = Debug|Any CPU
		{578D8657-312D-4920-8ACD-76FD0458B8B6}.Debug|Any CPU.Build.0 = Debug|Any CPU
		{578D8657-312D-4920-8ACD-76FD0458B8B6}.Release|Any CPU.ActiveCfg = Release|Any CPU
		{578D8657-312D-4920-8ACD-76FD0458B8B6}.Release|Any CPU.Build.0 = Release|Any CPU
	EndGlobalSection
	GlobalSection(SolutionProperties) = preSolution
		HideSolutionNode = FALSE
	EndGlobalSection
	GlobalSection(ExtensibilityGlobals) = postSolution
		SolutionGuid = {860CBD12-810D-46A5-8FE3-06D934DB482A}
	EndGlobalSection
EndGlobal
